
Microsoft Visual Studio Solution File, Format Version 12.00
# Visual Studio Version 18
VisualStudioVersion = 18.7.11911.148
MinimumVisualStudioVersion = 10.0.40219.1
Project("{FAE04EC0-301F-11D3-BF4B-00C04F79EFBC}") = "IAD2026.Api", "IAD2026.Api\IAD2026.Api.csproj", "{DEFB748D-112E-9B93-4B33-8BEF539DF942}"
EndProject
Project("{FAE04EC0-301F-11D3-BF4B-00C04F79EFBC}") = "IAD2026.Application", "IAD2026.Application\IAD2026.Application.csproj", "{365722BA-E7E1-C6C0-ABC1-1E85560C7BC0}"
EndProject
Project("{FAE04EC0-301F-11D3-BF4B-00C04F79EFBC}") = "IAD2026.Tests", "IAD2026.Tests\IAD2026.Tests.csproj", "{220F7E70-23CB-CF5A-E1DC-133824A00E6B}"
EndProject
Project("{FAE04EC0-301F-11D3-BF4B-00C04F79EFBC}") = "IAD2026.Infrastructure", "IAD2026.Infrastructure\IAD2026.Infrastructure.csproj", "{7BB2C70A-1A7D-1066-C091-37D333F91BDE}"
EndProject
Project("{FAE04EC0-301F-11D3-BF4B-00C04F79EFBC}") = "IAD2026.Domain", "IAD2026.Domain\IAD2026.Domain.csproj", "{FB58F01E-7F78-2430-30B6-265478C51657}"
EndProject
Project("{FAE04EC0-301F-11D3-BF4B-00C04F79EFBC}") = "IAD2026.Shared", "IAD2026.Shared\IAD2026.Shared.csproj", "{CEED77F6-D36E-4917-ACF9-C7AB074B4929}"
EndProject
Project("{FAE04EC0-301F-11D3-BF4B-00C04F79EFBC}") = "IAD2026.Persistence", "IAD2026.Persistence\IAD2026.Persistence.csproj", "{3A2E89CA-AA46-4C0F-8DF0-7A4004EEB990}"
EndProject
Project("{FAE04EC0-301F-11D3-BF4B-00C04F79EFBC}") = "IAD2026.Integrations", "IAD2026.Integrations\IAD2026.Integrations.csproj", "{3B811ADA-947A-4D71-8F78-2CD66402ECBA}"
EndProject
Project("{FAE04EC0-301F-11D3-BF4B-00C04F79EFBC}") = "IAD2026.Caching", "IAD2026.Caching\IAD2026.Caching.csproj", "{A86B5B4B-876D-4A5F-B5A8-CD4446C806D0}"
EndProject
Project("{FAE04EC0-301F-11D3-BF4B-00C04F79EFBC}") = "IAD2026.Logging", "IAD2026.Logging\IAD2026.Logging.csproj", "{BFD119AB-F729-4947-8182-262B4FD27889}"
EndProject
Project("{FAE04EC0-301F-11D3-BF4B-00C04F79EFBC}") = "IAD2026.BackgroundJobs", "IAD2026.BackgroundJobs\IAD2026.BackgroundJobs.csproj", "{B15568A1-4471-4D77-B133-850770847E1C}"
EndProject
Global
	GlobalSection(SolutionConfigurationPlatforms) = preSolution
		Debug|Any CPU = Debug|Any CPU
		Debug|x64 = Debug|x64
		Debug|x86 = Debug|x86
		Release|Any CPU = Release|Any CPU
		Release|x64 = Release|x64
		Release|x86 = Release|x86
	EndGlobalSection
	GlobalSection(ProjectConfigurationPlatforms) = postSolution
		{DEFB748D-112E-9B93-4B33-8BEF539DF942}.Debug|Any CPU.ActiveCfg = Debug|Any CPU
		{DEFB748D-112E-9B93-4B33-8BEF539DF942}.Debug|Any CPU.Build.0 = Debug|Any CPU
		{DEFB748D-112E-9B93-4B33-8BEF539DF942}.Debug|x64.ActiveCfg = Debug|Any CPU
		{DEFB748D-112E-9B93-4B33-8BEF539DF942}.Debug|x64.Build.0 = Debug|Any CPU
		{DEFB748D-112E-9B93-4B33-8BEF539DF942}.Debug|x86.ActiveCfg = Debug|Any CPU
		{DEFB748D-112E-9B93-4B33-8BEF539DF942}.Debug|x86.Build.0 = Debug|Any CPU
		{DEFB748D-112E-9B93-4B33-8BEF539DF942}.Release|Any CPU.ActiveCfg = Release|Any CPU
		{DEFB748D-112E-9B93-4B33-8BEF539DF942}.Release|Any CPU.Build.0 = Release|Any CPU
		{DEFB748D-112E-9B93-4B33-8BEF539DF942}.Release|x64.ActiveCfg = Release|Any CPU
		{DEFB748D-112E-9B93-4B33-8BEF539DF942}.Release|x64.Build.0 = Release|Any CPU
		{DEFB748D-112E-9B93-4B33-8BEF539DF942}.Release|x86.ActiveCfg = Release|Any CPU
		{DEFB748D-112E-9B93-4B33-8BEF539DF942}.Release|x86.Build.0 = Release|Any CPU
		{365722BA-E7E1-C6C0-ABC1-1E85560C7BC0}.Debug|Any CPU.ActiveCfg = Debug|Any CPU
		{365722BA-E7E1-C6C0-ABC1-1E85560C7BC0}.Debug|Any CPU.Build.0 = Debug|Any CPU
		{365722BA-E7E1-C6C0-ABC1-1E85560C7BC0}.Debug|x64.ActiveCfg = Debug|Any CPU
		{365722BA-E7E1-C6C0-ABC1-1E85560C7BC0}.Debug|x64.Build.0 = Debug|Any CPU
		{365722BA-E7E1-C6C0-ABC1-1E85560C7BC0}.Debug|x86.ActiveCfg = Debug|Any CPU
		{365722BA-E7E1-C6C0-ABC1-1E85560C7BC0}.Debug|x86.Build.0 = Debug|Any CPU
		{365722BA-E7E1-C6C0-ABC1-1E85560C7BC0}.Release|Any CPU.ActiveCfg = Release|Any CPU
		{365722BA-E7E1-C6C0-ABC1-1E85560C7BC0}.Release|Any CPU.Build.0 = Release|Any CPU
		{365722BA-E7E1-C6C0-ABC1-1E85560C7BC0}.Release|x64.ActiveCfg = Release|Any CPU
		{365722BA-E7E1-C6C0-ABC1-1E85560C7BC0}.Release|x64.Build.0 = Release|Any CPU
		{365722BA-E7E1-C6C0-ABC1-1E85560C7BC0}.Release|x86.ActiveCfg = Release|Any CPU
		{365722BA-E7E1-C6C0-ABC1-1E85560C7BC0}.Release|x86.Build.0 = Release|Any CPU
		{220F7E70-23CB-CF5A-E1DC-133824A00E6B}.Debug|Any CPU.ActiveCfg = Debug|Any CPU
		{220F7E70-23CB-CF5A-E1DC-133824A00E6B}.Debug|Any CPU.Build.0 = Debug|Any CPU
		{220F7E70-23CB-CF5A-E1DC-133824A00E6B}.Debug|x64.ActiveCfg = Debug|Any CPU
		{220F7E70-23CB-CF5A-E1DC-133824A00E6B}.Debug|x64.Build.0 = Debug|Any CPU
		{220F7E70-23CB-CF5A-E1DC-133824A00E6B}.Debug|x86.ActiveCfg = Debug|Any CPU
		{220F7E70-23CB-CF5A-E1DC-133824A00E6B}.Debug|x86.Build.0 = Debug|Any CPU
		{220F7E70-23CB-CF5A-E1DC-133824A00E6B}.Release|Any CPU.ActiveCfg = Release|Any CPU
		{220F7E70-23CB-CF5A-E1DC-133824A00E6B}.Release|Any CPU.Build.0 = Release|Any CPU
		{220F7E70-23CB-CF5A-E1DC-133824A00E6B}.Release|x64.ActiveCfg = Release|Any CPU
		{220F7E70-23CB-CF5A-E1DC-133824A00E6B}.Release|x64.Build.0 = Release|Any CPU
		{220F7E70-23CB-CF5A-E1DC-133824A00E6B}.Release|x86.ActiveCfg = Release|Any CPU
		{220F7E70-23CB-CF5A-E1DC-133824A00E6B}.Release|x86.Build.0 = Release|Any CPU
		{7BB2C70A-1A7D-1066-C091-37D333F91BDE}.Debug|Any CPU.ActiveCfg = Debug|Any CPU
		{7BB2C70A-1A7D-1066-C091-37D333F91BDE}.Debug|Any CPU.Build.0 = Debug|Any CPU
		{7BB2C70A-1A7D-1066-C091-37D333F91BDE}.Debug|x64.ActiveCfg = Debug|Any CPU
		{7BB2C70A-1A7D-1066-C091-37D333F91BDE}.Debug|x64.Build.0 = Debug|Any CPU
		{7BB2C70A-1A7D-1066-C091-37D333F91BDE}.Debug|x86.ActiveCfg = Debug|Any CPU
		{7BB2C70A-1A7D-1066-C091-37D333F91BDE}.Debug|x86.Build.0 = Debug|Any CPU
		{7BB2C70A-1A7D-1066-C091-37D333F91BDE}.Release|Any CPU.ActiveCfg = Release|Any CPU
		{7BB2C70A-1A7D-1066-C091-37D333F91BDE}.Release|Any CPU.Build.0 = Release|Any CPU
		{7BB2C70A-1A7D-1066-C091-37D333F91BDE}.Release|x64.ActiveCfg = Release|Any CPU
		{7BB2C70A-1A7D-1066-C091-37D333F91BDE}.Release|x64.Build.0 = Release|Any CPU
		{7BB2C70A-1A7D-1066-C091-37D333F91BDE}.Release|x86.ActiveCfg = Release|Any CPU
		{7BB2C70A-1A7D-1066-C091-37D333F91BDE}.Release|x86.Build.0 = Release|Any CPU
		{FB58F01E-7F78-2430-30B6-265478C51657}.Debug|Any CPU.ActiveCfg = Debug|Any CPU
		{FB58F01E-7F78-2430-30B6-265478C51657}.Debug|Any CPU.Build.0 = Debug|Any CPU
		{FB58F01E-7F78-2430-30B6-265478C51657}.Debug|x64.ActiveCfg = Debug|Any CPU
		{FB58F01E-7F78-2430-30B6-265478C51657}.Debug|x64.Build.0 = Debug|Any CPU
		{FB58F01E-7F78-2430-30B6-265478C51657}.Debug|x86.ActiveCfg = Debug|Any CPU
		{FB58F01E-7F78-2430-30B6-265478C51657}.Debug|x86.Build.0 = Debug|Any CPU
		{FB58F01E-7F78-2430-30B6-265478C51657}.Release|Any CPU.ActiveCfg = Release|Any CPU
		{FB58F01E-7F78-2430-30B6-265478C51657}.Release|Any CPU.Build.0 = Release|Any CPU
		{FB58F01E-7F78-2430-30B6-265478C51657}.Release|x64.ActiveCfg = Release|Any CPU
		{FB58F01E-7F78-2430-30B6-265478C51657}.Release|x64.Build.0 = Release|Any CPU
		{FB58F01E-7F78-2430-30B6-265478C51657}.Release|x86.ActiveCfg = Release|Any CPU
		{FB58F01E-7F78-2430-30B6-265478C51657}.Release|x86.Build.0 = Release|Any CPU
		{CEED77F6-D36E-4917-ACF9-C7AB074B4929}.Debug|Any CPU.ActiveCfg = Debug|Any CPU
		{CEED77F6-D36E-4917-ACF9-C7AB074B4929}.Debug|Any CPU.Build.0 = Debug|Any CPU
		{CEED77F6-D36E-4917-ACF9-C7AB074B4929}.Debug|x64.ActiveCfg = Debug|Any CPU
		{CEED77F6-D36E-4917-ACF9-C7AB074B4929}.Debug|x64.Build.0 = Debug|Any CPU
		{CEED77F6-D36E-4917-ACF9-C7AB074B4929}.Debug|x86.ActiveCfg = Debug|Any CPU
		{CEED77F6-D36E-4917-ACF9-C7AB074B4929}.Debug|x86.Build.0 = Debug|Any CPU
		{CEED77F6-D36E-4917-ACF9-C7AB074B4929}.Release|Any CPU.ActiveCfg = Release|Any CPU
		{CEED77F6-D36E-4917-ACF9-C7AB074B4929}.Release|Any CPU.Build.0 = Release|Any CPU
		{CEED77F6-D36E-4917-ACF9-C7AB074B4929}.Release|x64.ActiveCfg = Release|Any CPU
		{CEED77F6-D36E-4917-ACF9-C7AB074B4929}.Release|x64.Build.0 = Release|Any CPU
		{CEED77F6-D36E-4917-ACF9-C7AB074B4929}.Release|x86.ActiveCfg = Release|Any CPU
		{CEED77F6-D36E-4917-ACF9-C7AB074B4929}.Release|x86.Build.0 = Release|Any CPU
		{3A2E89CA-AA46-4C0F-8DF0-7A4004EEB990}.Debug|Any CPU.ActiveCfg = Debug|Any CPU
		{3A2E89CA-AA46-4C0F-8DF0-7A4004EEB990}.Debug|Any CPU.Build.0 = Debug|Any CPU
		{3A2E89CA-AA46-4C0F-8DF0-7A4004EEB990}.Debug|x64.ActiveCfg = Debug|Any CPU
		{3A2E89CA-AA46-4C0F-8DF0-7A4004EEB990}.Debug|x64.Build.0 = Debug|Any CPU
		{3A2E89CA-AA46-4C0F-8DF0-7A4004EEB990}.Debug|x86.ActiveCfg = Debug|Any CPU
		{3A2E89CA-AA46-4C0F-8DF0-7A4004EEB990}.Debug|x86.Build.0 = Debug|Any CPU
		{3A2E89CA-AA46-4C0F-8DF0-7A4004EEB990}.Release|Any CPU.ActiveCfg = Release|Any CPU
		{3A2E89CA-AA46-4C0F-8DF0-7A4004EEB990}.Release|Any CPU.Build.0 = Release|Any CPU
		{3A2E89CA-AA46-4C0F-8DF0-7A4004EEB990}.Release|x64.ActiveCfg = Release|Any CPU
		{3A2E89CA-AA46-4C0F-8DF0-7A4004EEB990}.Release|x64.Build.0 = Release|Any CPU
		{3A2E89CA-AA46-4C0F-8DF0-7A4004EEB990}.Release|x86.ActiveCfg = Release|Any CPU
		{3A2E89CA-AA46-4C0F-8DF0-7A4004EEB990}.Release|x86.Build.0 = Release|Any CPU
		{3B811ADA-947A-4D71-8F78-2CD66402ECBA}.Debug|Any CPU.ActiveCfg = Debug|Any CPU
		{3B811ADA-947A-4D71-8F78-2CD66402ECBA}.Debug|Any CPU.Build.0 = Debug|Any CPU
		{3B811ADA-947A-4D71-8F78-2CD66402ECBA}.Debug|x64.ActiveCfg = Debug|Any CPU
		{3B811ADA-947A-4D71-8F78-2CD66402ECBA}.Debug|x64.Build.0 = Debug|Any CPU
		{3B811ADA-947A-4D71-8F78-2CD66402ECBA}.Debug|x86.ActiveCfg = Debug|Any CPU
		{3B811ADA-947A-4D71-8F78-2CD66402ECBA}.Debug|x86.Build.0 = Debug|Any CPU
		{3B811ADA-947A-4D71-8F78-2CD66402ECBA}.Release|Any CPU.ActiveCfg = Release|Any CPU
		{3B811ADA-947A-4D71-8F78-2CD66402ECBA}.Release|Any CPU.Build.0 = Release|Any CPU
		{3B811ADA-947A-4D71-8F78-2CD66402ECBA}.Release|x64.ActiveCfg = Release|Any CPU
		{3B811ADA-947A-4D71-8F78-2CD66402ECBA}.Release|x64.Build.0 = Release|Any CPU
		{3B811ADA-947A-4D71-8F78-2CD66402ECBA}.Release|x86.ActiveCfg = Release|Any CPU
		{3B811ADA-947A-4D71-8F78-2CD66402ECBA}.Release|x86.Build.0 = Release|Any CPU
		{A86B5B4B-876D-4A5F-B5A8-CD4446C806D0}.Debug|Any CPU.ActiveCfg = Debug|Any CPU
		{A86B5B4B-876D-4A5F-B5A8-CD4446C806D0}.Debug|Any CPU.Build.0 = Debug|Any CPU
		{A86B5B4B-876D-4A5F-B5A8-CD4446C806D0}.Debug|x64.ActiveCfg = Debug|Any CPU
		{A86B5B4B-876D-4A5F-B5A8-CD4446C806D0}.Debug|x64.Build.0 = Debug|Any CPU
		{A86B5B4B-876D-4A5F-B5A8-CD4446C806D0}.Debug|x86.ActiveCfg = Debug|Any CPU
		{A86B5B4B-876D-4A5F-B5A8-CD4446C806D0}.Debug|x86.Build.0 = Debug|Any CPU
		{A86B5B4B-876D-4A5F-B5A8-CD4446C806D0}.Release|Any CPU.ActiveCfg = Release|Any CPU
		{A86B5B4B-876D-4A5F-B5A8-CD4446C806D0}.Release|Any CPU.Build.0 = Release|Any CPU
		{A86B5B4B-876D-4A5F-B5A8-CD4446C806D0}.Release|x64.ActiveCfg = Release|Any CPU
		{A86B5B4B-876D-4A5F-B5A8-CD4446C806D0}.Release|x64.Build.0 = Release|Any CPU
		{A86B5B4B-876D-4A5F-B5A8-CD4446C806D0}.Release|x86.ActiveCfg = Release|Any CPU
		{A86B5B4B-876D-4A5F-B5A8-CD4446C806D0}.Release|x86.Build.0 = Release|Any CPU
		{BFD119AB-F729-4947-8182-262B4FD27889}.Debug|Any CPU.ActiveCfg = Debug|Any CPU
		{BFD119AB-F729-4947-8182-262B4FD27889}.Debug|Any CPU.Build.0 = Debug|Any CPU
		{BFD119AB-F729-4947-8182-262B4FD27889}.Debug|x64.ActiveCfg = Debug|Any CPU
		{BFD119AB-F729-4947-8182-262B4FD27889}.Debug|x64.Build.0 = Debug|Any CPU
		{BFD119AB-F729-4947-8182-262B4FD27889}.Debug|x86.ActiveCfg = Debug|Any CPU
		{BFD119AB-F729-4947-8182-262B4FD27889}.Debug|x86.Build.0 = Debug|Any CPU
		{BFD119AB-F729-4947-8182-262B4FD27889}.Release|Any CPU.ActiveCfg = Release|Any CPU
		{BFD119AB-F729-4947-8182-262B4FD27889}.Release|Any CPU.Build.0 = Release|Any CPU
		{BFD119AB-F729-4947-8182-262B4FD27889}.Release|x64.ActiveCfg = Release|Any CPU
		{BFD119AB-F729-4947-8182-262B4FD27889}.Release|x64.Build.0 = Release|Any CPU
		{BFD119AB-F729-4947-8182-262B4FD27889}.Release|x86.ActiveCfg = Release|Any CPU
		{BFD119AB-F729-4947-8182-262B4FD27889}.Release|x86.Build.0 = Release|Any CPU
		{B15568A1-4471-4D77-B133-850770847E1C}.Debug|Any CPU.ActiveCfg = Debug|Any CPU
		{B15568A1-4471-4D77-B133-850770847E1C}.Debug|Any CPU.Build.0 = Debug|Any CPU
		{B15568A1-4471-4D77-B133-850770847E1C}.Debug|x64.ActiveCfg = Debug|Any CPU
		{B15568A1-4471-4D77-B133-850770847E1C}.Debug|x64.Build.0 = Debug|Any CPU
		{B15568A1-4471-4D77-B133-850770847E1C}.Debug|x86.ActiveCfg = Debug|Any CPU
		{B15568A1-4471-4D77-B133-850770847E1C}.Debug|x86.Build.0 = Debug|Any CPU
		{B15568A1-4471-4D77-B133-850770847E1C}.Release|Any CPU.ActiveCfg = Release|Any CPU
		{B15568A1-4471-4D77-B133-850770847E1C}.Release|Any CPU.Build.0 = Release|Any CPU
		{B15568A1-4471-4D77-B133-850770847E1C}.Release|x64.ActiveCfg = Release|Any CPU
		{B15568A1-4471-4D77-B133-850770847E1C}.Release|x64.Build.0 = Release|Any CPU
		{B15568A1-4471-4D77-B133-850770847E1C}.Release|x86.ActiveCfg = Release|Any CPU
		{B15568A1-4471-4D77-B133-850770847E1C}.Release|x86.Build.0 = Release|Any CPU
	EndGlobalSection
	GlobalSection(SolutionProperties) = preSolution
		HideSolutionNode = FALSE
	EndGlobalSection
	GlobalSection(ExtensibilityGlobals) = postSolution
		SolutionGuid = {3D4D2CB9-7DA4-4B32-AB66-C792F8D3288A}
	EndGlobalSection
EndGlobal
